
Microsoft Visual Studio Solution File, Format Version 12.00
# Visual Studio Version 16
VisualStudioVersion = 16.0.29230.47
MinimumVisualStudioVersion = 10.0.40219.1
Project("{FAE04EC0-301F-11D3-BF4B-00C04F79EFBC}") = "CIT255_KT_list_builder", "CIT255_KT_list_builder.csproj", "{5BD7A781-9099-4D83-8BD3-F78CC7FDD4E5}"
EndProject
Project("{FAE04EC0-301F-11D3-BF4B-00C04F79EFBC}") = "KTListBuilder", "..\KTListBuilder\KTListBuilder.csproj", "{2FAF2B8F-6D98-45AA-88D2-D769EC944F48}"
EndProject
Global
	GlobalSection(SolutionConfigurationPlatforms) = preSolution
		Debug|Any CPU = Debug|Any CPU
		Release|Any CPU = Release|Any CPU
	EndGlobalSection
	GlobalSection(ProjectConfigurationPlatforms) = postSolution
		{5BD7A781-9099-4D83-8BD3-F78CC7FDD4E5}.Debug|Any CPU.ActiveCfg = Debug|Any CPU
		{5BD7A781-9099-4D83-8BD3-F78CC7FDD4E5}.Debug|Any CPU.Build.0 = Debug|Any CPU
		{5BD7A781-9099-4D83-8BD3-F78CC7FDD4E5}.Release|Any CPU.ActiveCfg = Release|Any CPU
		{5BD7A781-9099-4D83-8BD3-F78CC7FDD4E5}.Release|Any CPU.Build.0 = Release|Any CPU
		{2FAF2B8F-6D98-45AA-88D2-D769EC944F48}.Debug|Any CPU.ActiveCfg = Debug|Any CPU
		{2FAF2B8F-6D98-45AA-88D2-D769EC944F48}.Debug|Any CPU.Build.0 = Debug|Any CPU
		{2FAF2B8F-6D98-45AA-88D2-D769EC944F48}.Release|Any CPU.ActiveCfg = Release|Any CPU
		{2FAF2B8F-6D98-45AA-88D2-D769EC944F48}.Release|Any CPU.Build.0 = Release|Any CPU
	EndGlobalSection
	GlobalSection(SolutionProperties) = preSolution
		HideSolutionNode = FALSE
	EndGlobalSection
	GlobalSection(ExtensibilityGlobals) = postSolution
		SolutionGuid = {D43BE052-5550-4202-A122-1DBAFB2476E3}
	EndGlobalSection
EndGlobal
